
Microsoft Visual Studio Solution File, Format Version 12.00
# Visual Studio Version 18
VisualStudioVersion = 18.6.11723.189 insiders
MinimumVisualStudioVersion = 10.0.40219.1
Project("{9A19103F-16F7-4668-BE54-9A1E7A4F7556}") = "FoodServiceOccupancyForecast.Core", "src\FoodServiceOccupancyForecast.Core\FoodServiceOccupancyForecast.Core.csproj", "{54C1DEA4-FC7A-43A3-ADD8-5D533CDA4124}"
EndProject
Project("{9A19103F-16F7-4668-BE54-9A1E7A4F7556}") = "FoodServiceOccupancyForecast.Infrastructure", "src\FoodServiceOccupancyForecast.Infrastructure\FoodServiceOccupancyForecast.Infrastructure.csproj", "{3A46A39D-FD96-43D9-92C8-39517E0A878C}"
EndProject
Project("{9A19103F-16F7-4668-BE54-9A1E7A4F7556}") = "FoodServiceOccupancyForecast.VideoAnalysis", "src\FoodServiceOccupancyForecast.VideoAnalysis\FoodServiceOccupancyForecast.VideoAnalysis.csproj", "{0FFECA76-9ACC-4A5D-80C2-BEB4E92EACFA}"
EndProject
Project("{9A19103F-16F7-4668-BE54-9A1E7A4F7556}") = "FoodServiceOccupancyForecast.Web", "src\FoodServiceOccupancyForecast.Web\FoodServiceOccupancyForecast.Web.csproj", "{30FE9FC1-A99A-48E8-A359-60BB333220FE}"
EndProject
Global
	GlobalSection(SolutionConfigurationPlatforms) = preSolution
		Debug|Any CPU = Debug|Any CPU
		Release|Any CPU = Release|Any CPU
	EndGlobalSection
	GlobalSection(ProjectConfigurationPlatforms) = postSolution
		{54C1DEA4-FC7A-43A3-ADD8-5D533CDA4124}.Debug|Any CPU.ActiveCfg = Debug|Any CPU
		{54C1DEA4-FC7A-43A3-ADD8-5D533CDA4124}.Debug|Any CPU.Build.0 = Debug|Any CPU
		{54C1DEA4-FC7A-43A3-ADD8-5D533CDA4124}.Release|Any CPU.ActiveCfg = Release|Any CPU
		{54C1DEA4-FC7A-43A3-ADD8-5D533CDA4124}.Release|Any CPU.Build.0 = Release|Any CPU
		{3A46A39D-FD96-43D9-92C8-39517E0A878C}.Debug|Any CPU.ActiveCfg = Debug|Any CPU
		{3A46A39D-FD96-43D9-92C8-39517E0A878C}.Debug|Any CPU.Build.0 = Debug|Any CPU
		{3A46A39D-FD96-43D9-92C8-39517E0A878C}.Release|Any CPU.ActiveCfg = Release|Any CPU
		{3A46A39D-FD96-43D9-92C8-39517E0A878C}.Release|Any CPU.Build.0 = Release|Any CPU
		{0FFECA76-9ACC-4A5D-80C2-BEB4E92EACFA}.Debug|Any CPU.ActiveCfg = Debug|Any CPU
		{0FFECA76-9ACC-4A5D-80C2-BEB4E92EACFA}.Debug|Any CPU.Build.0 = Debug|Any CPU
		{0FFECA76-9ACC-4A5D-80C2-BEB4E92EACFA}.Release|Any CPU.ActiveCfg = Release|Any CPU
		{0FFECA76-9ACC-4A5D-80C2-BEB4E92EACFA}.Release|Any CPU.Build.0 = Release|Any CPU
		{30FE9FC1-A99A-48E8-A359-60BB333220FE}.Debug|Any CPU.ActiveCfg = Debug|Any CPU
		{30FE9FC1-A99A-48E8-A359-60BB333220FE}.Debug|Any CPU.Build.0 = Debug|Any CPU
		{30FE9FC1-A99A-48E8-A359-60BB333220FE}.Release|Any CPU.ActiveCfg = Release|Any CPU
		{30FE9FC1-A99A-48E8-A359-60BB333220FE}.Release|Any CPU.Build.0 = Release|Any CPU
	EndGlobalSection
	GlobalSection(SolutionProperties) = preSolution
		HideSolutionNode = FALSE
	EndGlobalSection
EndGlobal
